
Microsoft Visual Studio Solution File, Format Version 12.00
# Visual Studio Version 16
VisualStudioVersion = 16.0.31005.135
MinimumVisualStudioVersion = 10.0.40219.1
Project("{FAE04EC0-301F-11D3-BF4B-00C04F79EFBC}") = "TWService", "TWService\TWService.csproj", "{630F9D46-3454-4F24-95AA-730949FE335E}"
EndProject
Global
	GlobalSection(SolutionConfigurationPlatforms) = preSolution
		Debug|Any CPU = Debug|Any CPU
		Release|Any CPU = Release|Any CPU
	EndGlobalSection
	GlobalSection(ProjectConfigurationPlatforms) = postSolution
		{630F9D46-3454-4F24-95AA-730949FE335E}.Debug|Any CPU.ActiveCfg = Debug|Any CPU
		{630F9D46-3454-4F24-95AA-730949FE335E}.Debug|Any CPU.Build.0 = Debug|Any CPU
		{630F9D46-3454-4F24-95AA-730949FE335E}.Release|Any CPU.ActiveCfg = Release|Any CPU
		{630F9D46-3454-4F24-95AA-730949FE335E}.Release|Any CPU.Build.0 = Release|Any CPU
	EndGlobalSection
	GlobalSection(SolutionProperties) = preSolution
		HideSolutionNode = FALSE
	EndGlobalSection
	GlobalSection(ExtensibilityGlobals) = postSolution
		SolutionGuid = {CF358AAD-8B2C-42C5-ABCF-79DB8DF24638}
	EndGlobalSection
EndGlobal
